
Microsoft Visual Studio Solution File, Format Version 12.00
# Visual Studio 15
VisualStudioVersion = 15.0.28307.329
MinimumVisualStudioVersion = 10.0.40219.1
Project("{FAE04EC0-301F-11D3-BF4B-00C04F79EFBC}") = "WebApp2", "WebApp2\WebApp2.csproj", "{BBD3FC99-864A-4972-AA04-B45380AE8E0B}"
EndProject
Global
	GlobalSection(SolutionConfigurationPlatforms) = preSolution
		Debug|Any CPU = Debug|Any CPU
		Release|Any CPU = Release|Any CPU
	EndGlobalSection
	GlobalSection(ProjectConfigurationPlatforms) = postSolution
		{BBD3FC99-864A-4972-AA04-B45380AE8E0B}.Debug|Any CPU.ActiveCfg = Debug|Any CPU
		{BBD3FC99-864A-4972-AA04-B45380AE8E0B}.Debug|Any CPU.Build.0 = Debug|Any CPU
		{BBD3FC99-864A-4972-AA04-B45380AE8E0B}.Release|Any CPU.ActiveCfg = Release|Any CPU
		{BBD3FC99-864A-4972-AA04-B45380AE8E0B}.Release|Any CPU.Build.0 = Release|Any CPU
	EndGlobalSection
	GlobalSection(SolutionProperties) = preSolution
		HideSolutionNode = FALSE
	EndGlobalSection
	GlobalSection(ExtensibilityGlobals) = postSolution
		SolutionGuid = {97C38588-1042-429D-A114-E316DC0565D9}
	EndGlobalSection
EndGlobal
